<Solution>
  <Project Path="Xeli3.IssueLab.FluentDialogProviderConfig.Client/Xeli3.IssueLab.FluentDialogProviderConfig.Client.csproj" />
  <Project Path="Xeli3.IssueLab.FluentDialogProviderConfig.Shared/Xeli3.IssueLab.FluentDialogProviderConfig.Shared.csproj" Id="68fab424-3ba0-4f8f-9364-80ac6adb7adb" />
  <Project Path="Xeli3.IssueLab.FluentDialogProviderConfig/Xeli3.IssueLab.FluentDialogProviderConfig.csproj" />
</Solution>
